
Microsoft Visual Studio Solution File, Format Version 12.00
# Visual Studio Version 17
VisualStudioVersion = 17.5.002.0
MinimumVisualStudioVersion = 10.0.40219.1
Project("{9A19103F-16F7-4668-BE54-9A1E7A4F7556}") = "UnlockAllGadgets", "UnlockAllGadgets.csproj", "{052FAE69-DA8D-4DCB-A6CB-8FE34C252DD8}"
EndProject
Global
	GlobalSection(SolutionConfigurationPlatforms) = preSolution
		Debug|Any CPU = Debug|Any CPU
		Release|Any CPU = Release|Any CPU
	EndGlobalSection
	GlobalSection(ProjectConfigurationPlatforms) = postSolution
		{052FAE69-DA8D-4DCB-A6CB-8FE34C252DD8}.Debug|Any CPU.ActiveCfg = Debug|Any CPU
		{052FAE69-DA8D-4DCB-A6CB-8FE34C252DD8}.Debug|Any CPU.Build.0 = Debug|Any CPU
		{052FAE69-DA8D-4DCB-A6CB-8FE34C252DD8}.Release|Any CPU.ActiveCfg = Release|Any CPU
		{052FAE69-DA8D-4DCB-A6CB-8FE34C252DD8}.Release|Any CPU.Build.0 = Release|Any CPU
	EndGlobalSection
	GlobalSection(SolutionProperties) = preSolution
		HideSolutionNode = FALSE
	EndGlobalSection
	GlobalSection(ExtensibilityGlobals) = postSolution
		SolutionGuid = {3688CCDD-BA42-4205-BBA5-DFD70E8EE411}
	EndGlobalSection
EndGlobal
